// !$*UTF8*$!
{
	archiveVersion = 1;
	classes = {
	};
	objectVersion = 50;
	objects = {

/* Begin PBXBuildFile section */
		E11448E7240899FD00DD4F04 /* EnableLocationButton.swift in Sources */ = {isa = PBXBuildFile; fileRef = E11448E6240899FD00DD4F04 /* EnableLocationButton.swift */; };
		E11448E92408A3C900DD4F04 /* NearMeListView.swift in Sources */ = {isa = PBXBuildFile; fileRef = E11448E82408A3C900DD4F04 /* NearMeListView.swift */; };
		E11448EB2408A46E00DD4F04 /* WashroomRowView.swift in Sources */ = {isa = PBXBuildFile; fileRef = E11448EA2408A46E00DD4F04 /* WashroomRowView.swift */; };
		E11448ED2408A4AA00DD4F04 /* BuildingRowView.swift in Sources */ = {isa = PBXBuildFile; fileRef = E11448EC2408A4AA00DD4F04 /* BuildingRowView.swift */; };
		E11448EF2408A4DF00DD4F04 /* MainTabView.swift in Sources */ = {isa = PBXBuildFile; fileRef = E11448EE2408A4DF00DD4F04 /* MainTabView.swift */; };
		E11448F52408A6B800DD4F04 /* CompactAmenitiesView.swift in Sources */ = {isa = PBXBuildFile; fileRef = E11448F42408A6B800DD4F04 /* CompactAmenitiesView.swift */; };
		E11448FC2408D33E00DD4F04 /* CreateReviewButton.swift in Sources */ = {isa = PBXBuildFile; fileRef = E11448FB2408D33E00DD4F04 /* CreateReviewButton.swift */; };
		E11448FE2408D35E00DD4F04 /* FavoriteButton.swift in Sources */ = {isa = PBXBuildFile; fileRef = E11448FD2408D35E00DD4F04 /* FavoriteButton.swift */; };
		E11449002408D40B00DD4F04 /* AmenitiesSelectionView.swift in Sources */ = {isa = PBXBuildFile; fileRef = E11448FF2408D40B00DD4F04 /* AmenitiesSelectionView.swift */; };
		E11449022408D49000DD4F04 /* GenderSelectionView.swift in Sources */ = {isa = PBXBuildFile; fileRef = E11449012408D49000DD4F04 /* GenderSelectionView.swift */; };
		E11449042408D5D000DD4F04 /* CreateWashroomButton.swift in Sources */ = {isa = PBXBuildFile; fileRef = E11449032408D5D000DD4F04 /* CreateWashroomButton.swift */; };
		E11449062408D7A300DD4F04 /* EditableRatingView.swift in Sources */ = {isa = PBXBuildFile; fileRef = E11449052408D7A300DD4F04 /* EditableRatingView.swift */; };
		E11449082409C03A00DD4F04 /* LocationManager.swift in Sources */ = {isa = PBXBuildFile; fileRef = E11449072409C03A00DD4F04 /* LocationManager.swift */; };
		E116F687240A493E00680E92 /* MapDetailView.swift in Sources */ = {isa = PBXBuildFile; fileRef = E116F686240A493E00680E92 /* MapDetailView.swift */; };
		E116F689240A495F00680E92 /* MapPreviewView.swift in Sources */ = {isa = PBXBuildFile; fileRef = E116F688240A495F00680E92 /* MapPreviewView.swift */; };
		E116F68B240A49AB00680E92 /* MapUIView.swift in Sources */ = {isa = PBXBuildFile; fileRef = E116F68A240A49AB00680E92 /* MapUIView.swift */; };
		E116F691240A699300680E92 /* MapViewController.swift in Sources */ = {isa = PBXBuildFile; fileRef = E116F690240A699300680E92 /* MapViewController.swift */; };
		E116F695240A7F3800680E92 /* BuildingAnnotation.swift in Sources */ = {isa = PBXBuildFile; fileRef = E116F694240A7F3800680E92 /* BuildingAnnotation.swift */; };
		E11C9BE923F1DB3A0045663B /* Location.swift in Sources */ = {isa = PBXBuildFile; fileRef = E11C9BE823F1DB3A0045663B /* Location.swift */; };
		E11C9BEB23F1DBB60045663B /* Building.swift in Sources */ = {isa = PBXBuildFile; fileRef = E11C9BEA23F1DBB60045663B /* Building.swift */; };
		E11C9BED23F1DD850045663B /* Review.swift in Sources */ = {isa = PBXBuildFile; fileRef = E11C9BEC23F1DD850045663B /* Review.swift */; };
		E11C9BEF23F1DF6D0045663B /* User.swift in Sources */ = {isa = PBXBuildFile; fileRef = E11C9BEE23F1DF6D0045663B /* User.swift */; };
		E12211D523FB4E18006C99D2 /* ThroneEndpoint.swift in Sources */ = {isa = PBXBuildFile; fileRef = E12211D423FB4E18006C99D2 /* ThroneEndpoint.swift */; };
		E12634E22415F2B900E7DECC /* FilterView.swift in Sources */ = {isa = PBXBuildFile; fileRef = E12634E12415F2B900E7DECC /* FilterView.swift */; };
		E12634E42415F2D800E7DECC /* FilterButton.swift in Sources */ = {isa = PBXBuildFile; fileRef = E12634E32415F2D800E7DECC /* FilterButton.swift */; };
		E12634E6241624BA00E7DECC /* Filter.swift in Sources */ = {isa = PBXBuildFile; fileRef = E12634E5241624BA00E7DECC /* Filter.swift */; };
		E13E68942416FD31000E8C1D /* ShareView.swift in Sources */ = {isa = PBXBuildFile; fileRef = E13E68932416FD31000E8C1D /* ShareView.swift */; };
		E146A6DE2400A1F400F73A0B /* AmenitiesView.swift in Sources */ = {isa = PBXBuildFile; fileRef = E146A6DD2400A1F400F73A0B /* AmenitiesView.swift */; };
		E146A6E02400A21E00F73A0B /* ReviewsView.swift in Sources */ = {isa = PBXBuildFile; fileRef = E146A6DF2400A21E00F73A0B /* ReviewsView.swift */; };
		E1580F2D23F768E20087DE0B /* LoginView.swift in Sources */ = {isa = PBXBuildFile; fileRef = E1580F2C23F768E10087DE0B /* LoginView.swift */; };
		E16BA1DC24078AD6002F9EED /* BuildingDetailView.swift in Sources */ = {isa = PBXBuildFile; fileRef = E16BA1DB24078AD6002F9EED /* BuildingDetailView.swift */; };
		E1768D4E23FDEE2B00A9F098 /* AppConfiguration.swift in Sources */ = {isa = PBXBuildFile; fileRef = E1768D4D23FDEE2B00A9F098 /* AppConfiguration.swift */; };
		E176AEC023E38B2A00EF8D15 /* AppDelegate.swift in Sources */ = {isa = PBXBuildFile; fileRef = E176AEBF23E38B2A00EF8D15 /* AppDelegate.swift */; };
		E176AEC223E38B2A00EF8D15 /* SceneDelegate.swift in Sources */ = {isa = PBXBuildFile; fileRef = E176AEC123E38B2A00EF8D15 /* SceneDelegate.swift */; };
		E176AEC723E38B2A00EF8D15 /* ContentView.swift in Sources */ = {isa = PBXBuildFile; fileRef = E176AEC623E38B2A00EF8D15 /* ContentView.swift */; };
		E176AEC923E38B2B00EF8D15 /* Assets.xcassets in Resources */ = {isa = PBXBuildFile; fileRef = E176AEC823E38B2B00EF8D15 /* Assets.xcassets */; };
		E176AECC23E38B2B00EF8D15 /* Preview Assets.xcassets in Resources */ = {isa = PBXBuildFile; fileRef = E176AECB23E38B2B00EF8D15 /* Preview Assets.xcassets */; };
		E176AECF23E38B2B00EF8D15 /* LaunchScreen.storyboard in Resources */ = {isa = PBXBuildFile; fileRef = E176AECD23E38B2B00EF8D15 /* LaunchScreen.storyboard */; };
		E176AEDA23E38B2C00EF8D15 /* ThroneTests.swift in Sources */ = {isa = PBXBuildFile; fileRef = E176AED923E38B2C00EF8D15 /* ThroneTests.swift */; };
		E176AEE523E38B2C00EF8D15 /* ThroneUITests.swift in Sources */ = {isa = PBXBuildFile; fileRef = E176AEE423E38B2C00EF8D15 /* ThroneUITests.swift */; };
		E176AEF423E39CC900EF8D15 /* MapView.swift in Sources */ = {isa = PBXBuildFile; fileRef = E176AEF323E39CC900EF8D15 /* MapView.swift */; };
		E176AEF623E39CFD00EF8D15 /* SettingsView.swift in Sources */ = {isa = PBXBuildFile; fileRef = E176AEF523E39CFD00EF8D15 /* SettingsView.swift */; };
		E176AEF823E3A62D00EF8D15 /* WashroomDetailView.swift in Sources */ = {isa = PBXBuildFile; fileRef = E176AEF723E3A62D00EF8D15 /* WashroomDetailView.swift */; };
		E176AEFA23E3A88E00EF8D15 /* ProfileView.swift in Sources */ = {isa = PBXBuildFile; fileRef = E176AEF923E3A88E00EF8D15 /* ProfileView.swift */; };
		E176AEFC23E3AA3500EF8D15 /* NearMeView.swift in Sources */ = {isa = PBXBuildFile; fileRef = E176AEFB23E3AA3500EF8D15 /* NearMeView.swift */; };
		E19AA94E240CD0D400B2DB28 /* Amenity.swift in Sources */ = {isa = PBXBuildFile; fileRef = E19AA94D240CD0D400B2DB28 /* Amenity.swift */; };
		E19AA950240CD10C00B2DB28 /* Gender.swift in Sources */ = {isa = PBXBuildFile; fileRef = E19AA94F240CD10C00B2DB28 /* Gender.swift */; };
		E19AA952240CD14500B2DB28 /* Ratings.swift in Sources */ = {isa = PBXBuildFile; fileRef = E19AA951240CD14500B2DB28 /* Ratings.swift */; };
		E1CDA0B823E404A6007ADA73 /* PersistentSettings.swift in Sources */ = {isa = PBXBuildFile; fileRef = E1CDA0B723E404A6007ADA73 /* PersistentSettings.swift */; };
		E1CFDE6823FA4FBF007423FD /* AuthenticationEndpoint.swift in Sources */ = {isa = PBXBuildFile; fileRef = E1CFDE6723FA4FBF007423FD /* AuthenticationEndpoint.swift */; };
		E1DCC7322413912A0094A099 /* ProfileListView.swift in Sources */ = {isa = PBXBuildFile; fileRef = E1DCC7312413912A0094A099 /* ProfileListView.swift */; };
		E1DCC73424139A8C0094A099 /* ReviewRowView.swift in Sources */ = {isa = PBXBuildFile; fileRef = E1DCC73324139A8C0094A099 /* ReviewRowView.swift */; };
		E1E0738223E54E3A00D4AE5E /* WelcomeView.swift in Sources */ = {isa = PBXBuildFile; fileRef = E1E0738123E54E3A00D4AE5E /* WelcomeView.swift */; };
		E1E0738423E5612400D4AE5E /* LoginManager.swift in Sources */ = {isa = PBXBuildFile; fileRef = E1E0738323E5612400D4AE5E /* LoginManager.swift */; };
		E1E0738623E561BB00D4AE5E /* NearMe.swift in Sources */ = {isa = PBXBuildFile; fileRef = E1E0738523E561BB00D4AE5E /* NearMe.swift */; };
		E1E0738823E561DD00D4AE5E /* Washroom.swift in Sources */ = {isa = PBXBuildFile; fileRef = E1E0738723E561DD00D4AE5E /* Washroom.swift */; };
		E1F4FE122407928D00A4096F /* CreateWashroomView.swift in Sources */ = {isa = PBXBuildFile; fileRef = E1F4FE112407928D00A4096F /* CreateWashroomView.swift */; };
		E1F4FE14240796A100A4096F /* RatingView.swift in Sources */ = {isa = PBXBuildFile; fileRef = E1F4FE13240796A100A4096F /* RatingView.swift */; };
		E1F4FE162407A88B00A4096F /* CreateReviewView.swift in Sources */ = {isa = PBXBuildFile; fileRef = E1F4FE152407A88B00A4096F /* CreateReviewView.swift */; };
/* End PBXBuildFile section */

/* Begin PBXContainerItemProxy section */
		E176AED623E38B2C00EF8D15 /* PBXContainerItemProxy */ = {
			isa = PBXContainerItemProxy;
			containerPortal = E176AEB423E38B2A00EF8D15 /* Project object */;
			proxyType = 1;
			remoteGlobalIDString = E176AEBB23E38B2A00EF8D15;
			remoteInfo = Throne;
		};
		E176AEE123E38B2C00EF8D15 /* PBXContainerItemProxy */ = {
			isa = PBXContainerItemProxy;
			containerPortal = E176AEB423E38B2A00EF8D15 /* Project object */;
			proxyType = 1;
			remoteGlobalIDString = E176AEBB23E38B2A00EF8D15;
			remoteInfo = Throne;
		};
/* End PBXContainerItemProxy section */

/* Begin PBXFileReference section */
		E11448E6240899FD00DD4F04 /* EnableLocationButton.swift */ = {isa = PBXFileReference; lastKnownFileType = sourcecode.swift; path = EnableLocationButton.swift; sourceTree = "<group>"; };
		E11448E82408A3C900DD4F04 /* NearMeListView.swift */ = {isa = PBXFileReference; lastKnownFileType = sourcecode.swift; path = NearMeListView.swift; sourceTree = "<group>"; };
		E11448EA2408A46E00DD4F04 /* WashroomRowView.swift */ = {isa = PBXFileReference; lastKnownFileType = sourcecode.swift; path = WashroomRowView.swift; sourceTree = "<group>"; };
		E11448EC2408A4AA00DD4F04 /* BuildingRowView.swift */ = {isa = PBXFileReference; lastKnownFileType = sourcecode.swift; path = BuildingRowView.swift; sourceTree = "<group>"; };
		E11448EE2408A4DF00DD4F04 /* MainTabView.swift */ = {isa = PBXFileReference; lastKnownFileType = sourcecode.swift; path = MainTabView.swift; sourceTree = "<group>"; };
		E11448F42408A6B800DD4F04 /* CompactAmenitiesView.swift */ = {isa = PBXFileReference; lastKnownFileType = sourcecode.swift; path = CompactAmenitiesView.swift; sourceTree = "<group>"; };
		E11448FB2408D33E00DD4F04 /* CreateReviewButton.swift */ = {isa = PBXFileReference; lastKnownFileType = sourcecode.swift; path = CreateReviewButton.swift; sourceTree = "<group>"; };
		E11448FD2408D35E00DD4F04 /* FavoriteButton.swift */ = {isa = PBXFileReference; lastKnownFileType = sourcecode.swift; path = FavoriteButton.swift; sourceTree = "<group>"; };
		E11448FF2408D40B00DD4F04 /* AmenitiesSelectionView.swift */ = {isa = PBXFileReference; lastKnownFileType = sourcecode.swift; path = AmenitiesSelectionView.swift; sourceTree = "<group>"; };
		E11449012408D49000DD4F04 /* GenderSelectionView.swift */ = {isa = PBXFileReference; lastKnownFileType = sourcecode.swift; path = GenderSelectionView.swift; sourceTree = "<group>"; };
		E11449032408D5D000DD4F04 /* CreateWashroomButton.swift */ = {isa = PBXFileReference; lastKnownFileType = sourcecode.swift; path = CreateWashroomButton.swift; sourceTree = "<group>"; };
		E11449052408D7A300DD4F04 /* EditableRatingView.swift */ = {isa = PBXFileReference; lastKnownFileType = sourcecode.swift; path = EditableRatingView.swift; sourceTree = "<group>"; };
		E11449072409C03A00DD4F04 /* LocationManager.swift */ = {isa = PBXFileReference; lastKnownFileType = sourcecode.swift; path = LocationManager.swift; sourceTree = "<group>"; };
		E116F686240A493E00680E92 /* MapDetailView.swift */ = {isa = PBXFileReference; lastKnownFileType = sourcecode.swift; path = MapDetailView.swift; sourceTree = "<group>"; };
		E116F688240A495F00680E92 /* MapPreviewView.swift */ = {isa = PBXFileReference; lastKnownFileType = sourcecode.swift; path = MapPreviewView.swift; sourceTree = "<group>"; };
		E116F68A240A49AB00680E92 /* MapUIView.swift */ = {isa = PBXFileReference; lastKnownFileType = sourcecode.swift; path = MapUIView.swift; sourceTree = "<group>"; };
		E116F690240A699300680E92 /* MapViewController.swift */ = {isa = PBXFileReference; lastKnownFileType = sourcecode.swift; path = MapViewController.swift; sourceTree = "<group>"; };
		E116F694240A7F3800680E92 /* BuildingAnnotation.swift */ = {isa = PBXFileReference; lastKnownFileType = sourcecode.swift; path = BuildingAnnotation.swift; sourceTree = "<group>"; };
		E11C9BE823F1DB3A0045663B /* Location.swift */ = {isa = PBXFileReference; lastKnownFileType = sourcecode.swift; path = Location.swift; sourceTree = "<group>"; };
		E11C9BEA23F1DBB60045663B /* Building.swift */ = {isa = PBXFileReference; lastKnownFileType = sourcecode.swift; path = Building.swift; sourceTree = "<group>"; };
		E11C9BEC23F1DD850045663B /* Review.swift */ = {isa = PBXFileReference; lastKnownFileType = sourcecode.swift; path = Review.swift; sourceTree = "<group>"; };
		E11C9BEE23F1DF6D0045663B /* User.swift */ = {isa = PBXFileReference; lastKnownFileType = sourcecode.swift; path = User.swift; sourceTree = "<group>"; };
		E12211D423FB4E18006C99D2 /* ThroneEndpoint.swift */ = {isa = PBXFileReference; lastKnownFileType = sourcecode.swift; path = ThroneEndpoint.swift; sourceTree = "<group>"; };
		E12634E12415F2B900E7DECC /* FilterView.swift */ = {isa = PBXFileReference; lastKnownFileType = sourcecode.swift; path = FilterView.swift; sourceTree = "<group>"; };
		E12634E32415F2D800E7DECC /* FilterButton.swift */ = {isa = PBXFileReference; lastKnownFileType = sourcecode.swift; path = FilterButton.swift; sourceTree = "<group>"; };
		E12634E5241624BA00E7DECC /* Filter.swift */ = {isa = PBXFileReference; lastKnownFileType = sourcecode.swift; path = Filter.swift; sourceTree = "<group>"; };
		E13E68932416FD31000E8C1D /* ShareView.swift */ = {isa = PBXFileReference; lastKnownFileType = sourcecode.swift; path = ShareView.swift; sourceTree = "<group>"; };
		E146A6DD2400A1F400F73A0B /* AmenitiesView.swift */ = {isa = PBXFileReference; lastKnownFileType = sourcecode.swift; path = AmenitiesView.swift; sourceTree = "<group>"; };
		E146A6DF2400A21E00F73A0B /* ReviewsView.swift */ = {isa = PBXFileReference; lastKnownFileType = sourcecode.swift; path = ReviewsView.swift; sourceTree = "<group>"; };
		E1580F2C23F768E10087DE0B /* LoginView.swift */ = {isa = PBXFileReference; fileEncoding = 4; lastKnownFileType = sourcecode.swift; path = LoginView.swift; sourceTree = "<group>"; };
		E16BA1DB24078AD6002F9EED /* BuildingDetailView.swift */ = {isa = PBXFileReference; lastKnownFileType = sourcecode.swift; path = BuildingDetailView.swift; sourceTree = "<group>"; };
		E1768D4D23FDEE2B00A9F098 /* AppConfiguration.swift */ = {isa = PBXFileReference; lastKnownFileType = sourcecode.swift; path = AppConfiguration.swift; sourceTree = "<group>"; };
		E176AEBC23E38B2A00EF8D15 /* Throne.app */ = {isa = PBXFileReference; explicitFileType = wrapper.application; includeInIndex = 0; path = Throne.app; sourceTree = BUILT_PRODUCTS_DIR; };
		E176AEBF23E38B2A00EF8D15 /* AppDelegate.swift */ = {isa = PBXFileReference; lastKnownFileType = sourcecode.swift; path = AppDelegate.swift; sourceTree = "<group>"; };
		E176AEC123E38B2A00EF8D15 /* SceneDelegate.swift */ = {isa = PBXFileReference; lastKnownFileType = sourcecode.swift; path = SceneDelegate.swift; sourceTree = "<group>"; };
		E176AEC623E38B2A00EF8D15 /* ContentView.swift */ = {isa = PBXFileReference; lastKnownFileType = sourcecode.swift; path = ContentView.swift; sourceTree = "<group>"; };
		E176AEC823E38B2B00EF8D15 /* Assets.xcassets */ = {isa = PBXFileReference; lastKnownFileType = folder.assetcatalog; path = Assets.xcassets; sourceTree = "<group>"; };
		E176AECB23E38B2B00EF8D15 /* Preview Assets.xcassets */ = {isa = PBXFileReference; lastKnownFileType = folder.assetcatalog; path = "Preview Assets.xcassets"; sourceTree = "<group>"; };
		E176AECE23E38B2B00EF8D15 /* Base */ = {isa = PBXFileReference; lastKnownFileType = file.storyboard; name = Base; path = Base.lproj/LaunchScreen.storyboard; sourceTree = "<group>"; };
		E176AED023E38B2B00EF8D15 /* Info.plist */ = {isa = PBXFileReference; lastKnownFileType = text.plist.xml; path = Info.plist; sourceTree = "<group>"; };
		E176AED523E38B2C00EF8D15 /* ThroneTests.xctest */ = {isa = PBXFileReference; explicitFileType = wrapper.cfbundle; includeInIndex = 0; path = ThroneTests.xctest; sourceTree = BUILT_PRODUCTS_DIR; };
		E176AED923E38B2C00EF8D15 /* ThroneTests.swift */ = {isa = PBXFileReference; lastKnownFileType = sourcecode.swift; path = ThroneTests.swift; sourceTree = "<group>"; };
		E176AEDB23E38B2C00EF8D15 /* Info.plist */ = {isa = PBXFileReference; lastKnownFileType = text.plist.xml; path = Info.plist; sourceTree = "<group>"; };
		E176AEE023E38B2C00EF8D15 /* ThroneUITests.xctest */ = {isa = PBXFileReference; explicitFileType = wrapper.cfbundle; includeInIndex = 0; path = ThroneUITests.xctest; sourceTree = BUILT_PRODUCTS_DIR; };
		E176AEE423E38B2C00EF8D15 /* ThroneUITests.swift */ = {isa = PBXFileReference; lastKnownFileType = sourcecode.swift; path = ThroneUITests.swift; sourceTree = "<group>"; };
		E176AEE623E38B2C00EF8D15 /* Info.plist */ = {isa = PBXFileReference; lastKnownFileType = text.plist.xml; path = Info.plist; sourceTree = "<group>"; };
		E176AEF323E39CC900EF8D15 /* MapView.swift */ = {isa = PBXFileReference; lastKnownFileType = sourcecode.swift; path = MapView.swift; sourceTree = "<group>"; };
		E176AEF523E39CFD00EF8D15 /* SettingsView.swift */ = {isa = PBXFileReference; lastKnownFileType = sourcecode.swift; path = SettingsView.swift; sourceTree = "<group>"; };
		E176AEF723E3A62D00EF8D15 /* WashroomDetailView.swift */ = {isa = PBXFileReference; lastKnownFileType = sourcecode.swift; path = WashroomDetailView.swift; sourceTree = "<group>"; };
		E176AEF923E3A88E00EF8D15 /* ProfileView.swift */ = {isa = PBXFileReference; lastKnownFileType = sourcecode.swift; path = ProfileView.swift; sourceTree = "<group>"; };
		E176AEFB23E3AA3500EF8D15 /* NearMeView.swift */ = {isa = PBXFileReference; lastKnownFileType = sourcecode.swift; path = NearMeView.swift; sourceTree = "<group>"; };
		E19AA94D240CD0D400B2DB28 /* Amenity.swift */ = {isa = PBXFileReference; lastKnownFileType = sourcecode.swift; path = Amenity.swift; sourceTree = "<group>"; };
		E19AA94F240CD10C00B2DB28 /* Gender.swift */ = {isa = PBXFileReference; lastKnownFileType = sourcecode.swift; path = Gender.swift; sourceTree = "<group>"; };
		E19AA951240CD14500B2DB28 /* Ratings.swift */ = {isa = PBXFileReference; lastKnownFileType = sourcecode.swift; path = Ratings.swift; sourceTree = "<group>"; };
		E1CDA0B723E404A6007ADA73 /* PersistentSettings.swift */ = {isa = PBXFileReference; lastKnownFileType = sourcecode.swift; path = PersistentSettings.swift; sourceTree = "<group>"; };
		E1CFDE6723FA4FBF007423FD /* AuthenticationEndpoint.swift */ = {isa = PBXFileReference; lastKnownFileType = sourcecode.swift; path = AuthenticationEndpoint.swift; sourceTree = "<group>"; };
		E1DCC7312413912A0094A099 /* ProfileListView.swift */ = {isa = PBXFileReference; lastKnownFileType = sourcecode.swift; path = ProfileListView.swift; sourceTree = "<group>"; };
		E1DCC73324139A8C0094A099 /* ReviewRowView.swift */ = {isa = PBXFileReference; lastKnownFileType = sourcecode.swift; path = ReviewRowView.swift; sourceTree = "<group>"; };
		E1E0737A23E5452B00D4AE5E /* Throne.entitlements */ = {isa = PBXFileReference; lastKnownFileType = text.plist.entitlements; path = Throne.entitlements; sourceTree = "<group>"; };
		E1E0738123E54E3A00D4AE5E /* WelcomeView.swift */ = {isa = PBXFileReference; lastKnownFileType = sourcecode.swift; path = WelcomeView.swift; sourceTree = "<group>"; };
		E1E0738323E5612400D4AE5E /* LoginManager.swift */ = {isa = PBXFileReference; lastKnownFileType = sourcecode.swift; path = LoginManager.swift; sourceTree = "<group>"; };
		E1E0738523E561BB00D4AE5E /* NearMe.swift */ = {isa = PBXFileReference; lastKnownFileType = sourcecode.swift; path = NearMe.swift; sourceTree = "<group>"; };
		E1E0738723E561DD00D4AE5E /* Washroom.swift */ = {isa = PBXFileReference; lastKnownFileType = sourcecode.swift; path = Washroom.swift; sourceTree = "<group>"; };
		E1F4FE112407928D00A4096F /* CreateWashroomView.swift */ = {isa = PBXFileReference; lastKnownFileType = sourcecode.swift; path = CreateWashroomView.swift; sourceTree = "<group>"; };
		E1F4FE13240796A100A4096F /* RatingView.swift */ = {isa = PBXFileReference; lastKnownFileType = sourcecode.swift; path = RatingView.swift; sourceTree = "<group>"; };
		E1F4FE152407A88B00A4096F /* CreateReviewView.swift */ = {isa = PBXFileReference; lastKnownFileType = sourcecode.swift; path = CreateReviewView.swift; sourceTree = "<group>"; };
/* End PBXFileReference section */

/* Begin PBXFrameworksBuildPhase section */
		E176AEB923E38B2A00EF8D15 /* Frameworks */ = {
			isa = PBXFrameworksBuildPhase;
			buildActionMask = 2147483647;
			files = (
			);
			runOnlyForDeploymentPostprocessing = 0;
		};
		E176AED223E38B2C00EF8D15 /* Frameworks */ = {
			isa = PBXFrameworksBuildPhase;
			buildActionMask = 2147483647;
			files = (
			);
			runOnlyForDeploymentPostprocessing = 0;
		};
		E176AEDD23E38B2C00EF8D15 /* Frameworks */ = {
			isa = PBXFrameworksBuildPhase;
			buildActionMask = 2147483647;
			files = (
			);
			runOnlyForDeploymentPostprocessing = 0;
		};
/* End PBXFrameworksBuildPhase section */

/* Begin PBXGroup section */
		E11448F02408A51700DD4F04 /* Main */ = {
			isa = PBXGroup;
			children = (
				E176AEC623E38B2A00EF8D15 /* ContentView.swift */,
				E11448EE2408A4DF00DD4F04 /* MainTabView.swift */,
			);
			path = Main;
			sourceTree = "<group>";
		};
		E11448F12408A53300DD4F04 /* Near Me */ = {
			isa = PBXGroup;
			children = (
				E176AEFB23E3AA3500EF8D15 /* NearMeView.swift */,
				E11448E82408A3C900DD4F04 /* NearMeListView.swift */,
				E11448E6240899FD00DD4F04 /* EnableLocationButton.swift */,
				E12634E12415F2B900E7DECC /* FilterView.swift */,
				E12634E32415F2D800E7DECC /* FilterButton.swift */,
			);
			path = "Near Me";
			sourceTree = "<group>";
		};
		E11448F22408A54C00DD4F04 /* Washrooms */ = {
			isa = PBXGroup;
			children = (
				E176AEF723E3A62D00EF8D15 /* WashroomDetailView.swift */,
				E11448EA2408A46E00DD4F04 /* WashroomRowView.swift */,
				E1F4FE112407928D00A4096F /* CreateWashroomView.swift */,
				E11449032408D5D000DD4F04 /* CreateWashroomButton.swift */,
				E11448FD2408D35E00DD4F04 /* FavoriteButton.swift */,
				E11449012408D49000DD4F04 /* GenderSelectionView.swift */,
				E13E68932416FD31000E8C1D /* ShareView.swift */,
				E1BCB3C9240FA122006C8B83 /* Amenities */,
			);
			path = Washrooms;
			sourceTree = "<group>";
		};
		E11448F32408A56500DD4F04 /* Buildings */ = {
			isa = PBXGroup;
			children = (
				E16BA1DB24078AD6002F9EED /* BuildingDetailView.swift */,
				E11448EC2408A4AA00DD4F04 /* BuildingRowView.swift */,
			);
			path = Buildings;
			sourceTree = "<group>";
		};
		E11448F62408A72500DD4F04 /* Reviews */ = {
			isa = PBXGroup;
			children = (
				E146A6DF2400A21E00F73A0B /* ReviewsView.swift */,
				E1DCC73324139A8C0094A099 /* ReviewRowView.swift */,
				E1F4FE152407A88B00A4096F /* CreateReviewView.swift */,
				E11448FB2408D33E00DD4F04 /* CreateReviewButton.swift */,
				E1F4FE13240796A100A4096F /* RatingView.swift */,
				E11449052408D7A300DD4F04 /* EditableRatingView.swift */,
			);
			path = Reviews;
			sourceTree = "<group>";
		};
		E11448F72408A75C00DD4F04 /* Login */ = {
			isa = PBXGroup;
			children = (
				E1E0738123E54E3A00D4AE5E /* WelcomeView.swift */,
				E1580F2C23F768E10087DE0B /* LoginView.swift */,
			);
			path = Login;
			sourceTree = "<group>";
		};
		E11448F82408A76F00DD4F04 /* Profile */ = {
			isa = PBXGroup;
			children = (
				E176AEF923E3A88E00EF8D15 /* ProfileView.swift */,
				E1DCC7312413912A0094A099 /* ProfileListView.swift */,
				E176AEF523E39CFD00EF8D15 /* SettingsView.swift */,
			);
			path = Profile;
			sourceTree = "<group>";
		};
		E11448F92408A77D00DD4F04 /* Map */ = {
			isa = PBXGroup;
			children = (
				E176AEF323E39CC900EF8D15 /* MapView.swift */,
				E116F686240A493E00680E92 /* MapDetailView.swift */,
				E116F688240A495F00680E92 /* MapPreviewView.swift */,
				E116F68A240A49AB00680E92 /* MapUIView.swift */,
				E116F690240A699300680E92 /* MapViewController.swift */,
				E116F694240A7F3800680E92 /* BuildingAnnotation.swift */,
			);
			path = Map;
			sourceTree = "<group>";
		};
		E11448FA2408A79600DD4F04 /* Endpoints */ = {
			isa = PBXGroup;
			children = (
				E1CFDE6723FA4FBF007423FD /* AuthenticationEndpoint.swift */,
				E12211D423FB4E18006C99D2 /* ThroneEndpoint.swift */,
			);
			path = Endpoints;
			sourceTree = "<group>";
		};
		E176AEB323E38B2A00EF8D15 = {
			isa = PBXGroup;
			children = (
				E176AEBE23E38B2A00EF8D15 /* Throne */,
				E176AED823E38B2C00EF8D15 /* ThroneTests */,
				E176AEE323E38B2C00EF8D15 /* ThroneUITests */,
				E176AEBD23E38B2A00EF8D15 /* Products */,
			);
			sourceTree = "<group>";
		};
		E176AEBD23E38B2A00EF8D15 /* Products */ = {
			isa = PBXGroup;
			children = (
				E176AEBC23E38B2A00EF8D15 /* Throne.app */,
				E176AED523E38B2C00EF8D15 /* ThroneTests.xctest */,
				E176AEE023E38B2C00EF8D15 /* ThroneUITests.xctest */,
			);
			name = Products;
			sourceTree = "<group>";
		};
		E176AEBE23E38B2A00EF8D15 /* Throne */ = {
			isa = PBXGroup;
			children = (
				E176AEBF23E38B2A00EF8D15 /* AppDelegate.swift */,
				E1768D4D23FDEE2B00A9F098 /* AppConfiguration.swift */,
				E176AEC123E38B2A00EF8D15 /* SceneDelegate.swift */,
				E1CDA0B623E3B3AB007ADA73 /* Models */,
				E176AEF223E3987900EF8D15 /* Views */,
				E176AEC823E38B2B00EF8D15 /* Assets.xcassets */,
				E176AECD23E38B2B00EF8D15 /* LaunchScreen.storyboard */,
				E176AED023E38B2B00EF8D15 /* Info.plist */,
				E1E0737A23E5452B00D4AE5E /* Throne.entitlements */,
				E176AECA23E38B2B00EF8D15 /* Preview Content */,
			);
			path = Throne;
			sourceTree = "<group>";
		};
		E176AECA23E38B2B00EF8D15 /* Preview Content */ = {
			isa = PBXGroup;
			children = (
				E176AECB23E38B2B00EF8D15 /* Preview Assets.xcassets */,
			);
			path = "Preview Content";
			sourceTree = "<group>";
		};
		E176AED823E38B2C00EF8D15 /* ThroneTests */ = {
			isa = PBXGroup;
			children = (
				E176AED923E38B2C00EF8D15 /* ThroneTests.swift */,
				E176AEDB23E38B2C00EF8D15 /* Info.plist */,
			);
			path = ThroneTests;
			sourceTree = "<group>";
		};
		E176AEE323E38B2C00EF8D15 /* ThroneUITests */ = {
			isa = PBXGroup;
			children = (
				E176AEE423E38B2C00EF8D15 /* ThroneUITests.swift */,
				E176AEE623E38B2C00EF8D15 /* Info.plist */,
			);
			path = ThroneUITests;
			sourceTree = "<group>";
		};
		E176AEF223E3987900EF8D15 /* Views */ = {
			isa = PBXGroup;
			children = (
				E11448F02408A51700DD4F04 /* Main */,
				E11448F12408A53300DD4F04 /* Near Me */,
				E11448F22408A54C00DD4F04 /* Washrooms */,
				E11448F32408A56500DD4F04 /* Buildings */,
				E11448F62408A72500DD4F04 /* Reviews */,
				E11448F92408A77D00DD4F04 /* Map */,
				E11448F82408A76F00DD4F04 /* Profile */,
				E11448F72408A75C00DD4F04 /* Login */,
			);
			path = Views;
			sourceTree = "<group>";
		};
		E1BCB3C9240FA122006C8B83 /* Amenities */ = {
			isa = PBXGroup;
			children = (
				E146A6DD2400A1F400F73A0B /* AmenitiesView.swift */,
				E11448F42408A6B800DD4F04 /* CompactAmenitiesView.swift */,
				E11448FF2408D40B00DD4F04 /* AmenitiesSelectionView.swift */,
			);
			path = Amenities;
			sourceTree = "<group>";
		};
		E1CDA0B623E3B3AB007ADA73 /* Models */ = {
			isa = PBXGroup;
			children = (
				E1E0738523E561BB00D4AE5E /* NearMe.swift */,
				E11C9BEA23F1DBB60045663B /* Building.swift */,
				E1E0738723E561DD00D4AE5E /* Washroom.swift */,
				E12634E5241624BA00E7DECC /* Filter.swift */,
				E11C9BE823F1DB3A0045663B /* Location.swift */,
				E19AA94F240CD10C00B2DB28 /* Gender.swift */,
				E19AA94D240CD0D400B2DB28 /* Amenity.swift */,
				E11C9BEC23F1DD850045663B /* Review.swift */,
				E19AA951240CD14500B2DB28 /* Ratings.swift */,
				E11C9BEE23F1DF6D0045663B /* User.swift */,
				E1CDA0B723E404A6007ADA73 /* PersistentSettings.swift */,
				E1E0738323E5612400D4AE5E /* LoginManager.swift */,
				E11449072409C03A00DD4F04 /* LocationManager.swift */,
				E11448FA2408A79600DD4F04 /* Endpoints */,
			);
			path = Models;
			sourceTree = "<group>";
		};
/* End PBXGroup section */

/* Begin PBXNativeTarget section */
		E176AEBB23E38B2A00EF8D15 /* Throne */ = {
			isa = PBXNativeTarget;
			buildConfigurationList = E176AEE923E38B2C00EF8D15 /* Build configuration list for PBXNativeTarget "Throne" */;
			buildPhases = (
				E176AEB823E38B2A00EF8D15 /* Sources */,
				E176AEB923E38B2A00EF8D15 /* Frameworks */,
				E176AEBA23E38B2A00EF8D15 /* Resources */,
			);
			buildRules = (
			);
			dependencies = (
			);
			name = Throne;
			productName = Throne;
			productReference = E176AEBC23E38B2A00EF8D15 /* Throne.app */;
			productType = "com.apple.product-type.application";
		};
		E176AED423E38B2C00EF8D15 /* ThroneTests */ = {
			isa = PBXNativeTarget;
			buildConfigurationList = E176AEEC23E38B2C00EF8D15 /* Build configuration list for PBXNativeTarget "ThroneTests" */;
			buildPhases = (
				E176AED123E38B2C00EF8D15 /* Sources */,
				E176AED223E38B2C00EF8D15 /* Frameworks */,
				E176AED323E38B2C00EF8D15 /* Resources */,
			);
			buildRules = (
			);
			dependencies = (
				E176AED723E38B2C00EF8D15 /* PBXTargetDependency */,
			);
			name = ThroneTests;
			productName = ThroneTests;
			productReference = E176AED523E38B2C00EF8D15 /* ThroneTests.xctest */;
			productType = "com.apple.product-type.bundle.unit-test";
		};
		E176AEDF23E38B2C00EF8D15 /* ThroneUITests */ = {
			isa = PBXNativeTarget;
			buildConfigurationList = E176AEEF23E38B2C00EF8D15 /* Build configuration list for PBXNativeTarget "ThroneUITests" */;
			buildPhases = (
				E176AEDC23E38B2C00EF8D15 /* Sources */,
				E176AEDD23E38B2C00EF8D15 /* Frameworks */,
				E176AEDE23E38B2C00EF8D15 /* Resources */,
			);
			buildRules = (
			);
			dependencies = (
				E176AEE223E38B2C00EF8D15 /* PBXTargetDependency */,
			);
			name = ThroneUITests;
			productName = ThroneUITests;
			productReference = E176AEE023E38B2C00EF8D15 /* ThroneUITests.xctest */;
			productType = "com.apple.product-type.bundle.ui-testing";
		};
/* End PBXNativeTarget section */

/* Begin PBXProject section */
		E176AEB423E38B2A00EF8D15 /* Project object */ = {
			isa = PBXProject;
			attributes = {
				LastSwiftUpdateCheck = 1130;
				LastUpgradeCheck = 1130;
				ORGANIZATIONNAME = Throne;
				TargetAttributes = {
					E176AEBB23E38B2A00EF8D15 = {
						CreatedOnToolsVersion = 11.3.1;
					};
					E176AED423E38B2C00EF8D15 = {
						CreatedOnToolsVersion = 11.3.1;
						TestTargetID = E176AEBB23E38B2A00EF8D15;
					};
					E176AEDF23E38B2C00EF8D15 = {
						CreatedOnToolsVersion = 11.3.1;
						TestTargetID = E176AEBB23E38B2A00EF8D15;
					};
				};
			};
			buildConfigurationList = E176AEB723E38B2A00EF8D15 /* Build configuration list for PBXProject "Throne" */;
			compatibilityVersion = "Xcode 9.3";
			developmentRegion = en;
			hasScannedForEncodings = 0;
			knownRegions = (
				en,
				Base,
			);
			mainGroup = E176AEB323E38B2A00EF8D15;
			productRefGroup = E176AEBD23E38B2A00EF8D15 /* Products */;
			projectDirPath = "";
			projectRoot = "";
			targets = (
				E176AEBB23E38B2A00EF8D15 /* Throne */,
				E176AED423E38B2C00EF8D15 /* ThroneTests */,
				E176AEDF23E38B2C00EF8D15 /* ThroneUITests */,
			);
		};
/* End PBXProject section */

/* Begin PBXResourcesBuildPhase section */
		E176AEBA23E38B2A00EF8D15 /* Resources */ = {
			isa = PBXResourcesBuildPhase;
			buildActionMask = 2147483647;
			files = (
				E176AECF23E38B2B00EF8D15 /* LaunchScreen.storyboard in Resources */,
				E176AECC23E38B2B00EF8D15 /* Preview Assets.xcassets in Resources */,
				E176AEC923E38B2B00EF8D15 /* Assets.xcassets in Resources */,
			);
			runOnlyForDeploymentPostprocessing = 0;
		};
		E176AED323E38B2C00EF8D15 /* Resources */ = {
			isa = PBXResourcesBuildPhase;
			buildActionMask = 2147483647;
			files = (
			);
			runOnlyForDeploymentPostprocessing = 0;
		};
		E176AEDE23E38B2C00EF8D15 /* Resources */ = {
			isa = PBXResourcesBuildPhase;
			buildActionMask = 2147483647;
			files = (
			);
			runOnlyForDeploymentPostprocessing = 0;
		};
/* End PBXResourcesBuildPhase section */

/* Begin PBXSourcesBuildPhase section */
		E176AEB823E38B2A00EF8D15 /* Sources */ = {
			isa = PBXSourcesBuildPhase;
			buildActionMask = 2147483647;
			files = (
				E176AEFA23E3A88E00EF8D15 /* ProfileView.swift in Sources */,
				E116F689240A495F00680E92 /* MapPreviewView.swift in Sources */,
				E19AA94E240CD0D400B2DB28 /* Amenity.swift in Sources */,
				E1E0738423E5612400D4AE5E /* LoginManager.swift in Sources */,
				E11448F52408A6B800DD4F04 /* CompactAmenitiesView.swift in Sources */,
				E1CDA0B823E404A6007ADA73 /* PersistentSettings.swift in Sources */,
				E12211D523FB4E18006C99D2 /* ThroneEndpoint.swift in Sources */,
				E11449022408D49000DD4F04 /* GenderSelectionView.swift in Sources */,
				E116F695240A7F3800680E92 /* BuildingAnnotation.swift in Sources */,
				E1E0738623E561BB00D4AE5E /* NearMe.swift in Sources */,
				E11C9BE923F1DB3A0045663B /* Location.swift in Sources */,
				E19AA950240CD10C00B2DB28 /* Gender.swift in Sources */,
				E1F4FE122407928D00A4096F /* CreateWashroomView.swift in Sources */,
				E11C9BED23F1DD850045663B /* Review.swift in Sources */,
				E11448EF2408A4DF00DD4F04 /* MainTabView.swift in Sources */,
				E116F691240A699300680E92 /* MapViewController.swift in Sources */,
				E176AEC023E38B2A00EF8D15 /* AppDelegate.swift in Sources */,
				E12634E42415F2D800E7DECC /* FilterButton.swift in Sources */,
				E11448E92408A3C900DD4F04 /* NearMeListView.swift in Sources */,
				E1CFDE6823FA4FBF007423FD /* AuthenticationEndpoint.swift in Sources */,
				E11448EB2408A46E00DD4F04 /* WashroomRowView.swift in Sources */,
				E176AEF423E39CC900EF8D15 /* MapView.swift in Sources */,
				E11C9BEB23F1DBB60045663B /* Building.swift in Sources */,
				E176AEF623E39CFD00EF8D15 /* SettingsView.swift in Sources */,
				E13E68942416FD31000E8C1D /* ShareView.swift in Sources */,
				E146A6E02400A21E00F73A0B /* ReviewsView.swift in Sources */,
				E1F4FE162407A88B00A4096F /* CreateReviewView.swift in Sources */,
				E1DCC73424139A8C0094A099 /* ReviewRowView.swift in Sources */,
				E11448E7240899FD00DD4F04 /* EnableLocationButton.swift in Sources */,
				E19AA952240CD14500B2DB28 /* Ratings.swift in Sources */,
				E176AEFC23E3AA3500EF8D15 /* NearMeView.swift in Sources */,
				E176AEC723E38B2A00EF8D15 /* ContentView.swift in Sources */,
				E116F68B240A49AB00680E92 /* MapUIView.swift in Sources */,
				E1E0738223E54E3A00D4AE5E /* WelcomeView.swift in Sources */,
				E11449082409C03A00DD4F04 /* LocationManager.swift in Sources */,
				E1768D4E23FDEE2B00A9F098 /* AppConfiguration.swift in Sources */,
				E11449062408D7A300DD4F04 /* EditableRatingView.swift in Sources */,
				E16BA1DC24078AD6002F9EED /* BuildingDetailView.swift in Sources */,
				E12634E22415F2B900E7DECC /* FilterView.swift in Sources */,
				E11448ED2408A4AA00DD4F04 /* BuildingRowView.swift in Sources */,
				E11449042408D5D000DD4F04 /* CreateWashroomButton.swift in Sources */,
				E1580F2D23F768E20087DE0B /* LoginView.swift in Sources */,
				E176AEF823E3A62D00EF8D15 /* WashroomDetailView.swift in Sources */,
				E12634E6241624BA00E7DECC /* Filter.swift in Sources */,
				E176AEC223E38B2A00EF8D15 /* SceneDelegate.swift in Sources */,
				E11449002408D40B00DD4F04 /* AmenitiesSelectionView.swift in Sources */,
				E11448FE2408D35E00DD4F04 /* FavoriteButton.swift in Sources */,
				E1E0738823E561DD00D4AE5E /* Washroom.swift in Sources */,
				E11C9BEF23F1DF6D0045663B /* User.swift in Sources */,
				E146A6DE2400A1F400F73A0B /* AmenitiesView.swift in Sources */,
				E1DCC7322413912A0094A099 /* ProfileListView.swift in Sources */,
				E1F4FE14240796A100A4096F /* RatingView.swift in Sources */,
				E116F687240A493E00680E92 /* MapDetailView.swift in Sources */,
				E11448FC2408D33E00DD4F04 /* CreateReviewButton.swift in Sources */,
			);
			runOnlyForDeploymentPostprocessing = 0;
		};
		E176AED123E38B2C00EF8D15 /* Sources */ = {
			isa = PBXSourcesBuildPhase;
			buildActionMask = 2147483647;
			files = (
				E176AEDA23E38B2C00EF8D15 /* ThroneTests.swift in Sources */,
			);
			runOnlyForDeploymentPostprocessing = 0;
		};
		E176AEDC23E38B2C00EF8D15 /* Sources */ = {
			isa = PBXSourcesBuildPhase;
			buildActionMask = 2147483647;
			files = (
				E176AEE523E38B2C00EF8D15 /* ThroneUITests.swift in Sources */,
			);
			runOnlyForDeploymentPostprocessing = 0;
		};
/* End PBXSourcesBuildPhase section */

/* Begin PBXTargetDependency section */
		E176AED723E38B2C00EF8D15 /* PBXTargetDependency */ = {
			isa = PBXTargetDependency;
			target = E176AEBB23E38B2A00EF8D15 /* Throne */;
			targetProxy = E176AED623E38B2C00EF8D15 /* PBXContainerItemProxy */;
		};
		E176AEE223E38B2C00EF8D15 /* PBXTargetDependency */ = {
			isa = PBXTargetDependency;
			target = E176AEBB23E38B2A00EF8D15 /* Throne */;
			targetProxy = E176AEE123E38B2C00EF8D15 /* PBXContainerItemProxy */;
		};
/* End PBXTargetDependency section */

/* Begin PBXVariantGroup section */
		E176AECD23E38B2B00EF8D15 /* LaunchScreen.storyboard */ = {
			isa = PBXVariantGroup;
			children = (
				E176AECE23E38B2B00EF8D15 /* Base */,
			);
			name = LaunchScreen.storyboard;
			sourceTree = "<group>";
		};
/* End PBXVariantGroup section */

/* Begin XCBuildConfiguration section */
		E1768D4923FDEB5F00A9F098 /* Local */ = {
			isa = XCBuildConfiguration;
			buildSettings = {
				ALWAYS_SEARCH_USER_PATHS = NO;
				CLANG_ANALYZER_NONNULL = YES;
				CLANG_ANALYZER_NUMBER_OBJECT_CONVERSION = YES_AGGRESSIVE;
				CLANG_CXX_LANGUAGE_STANDARD = "gnu++14";
				CLANG_CXX_LIBRARY = "libc++";
				CLANG_ENABLE_MODULES = YES;
				CLANG_ENABLE_OBJC_ARC = YES;
				CLANG_ENABLE_OBJC_WEAK = YES;
				CLANG_WARN_BLOCK_CAPTURE_AUTORELEASING = YES;
				CLANG_WARN_BOOL_CONVERSION = YES;
				CLANG_WARN_COMMA = YES;
				CLANG_WARN_CONSTANT_CONVERSION = YES;
				CLANG_WARN_DEPRECATED_OBJC_IMPLEMENTATIONS = YES;
				CLANG_WARN_DIRECT_OBJC_ISA_USAGE = YES_ERROR;
				CLANG_WARN_DOCUMENTATION_COMMENTS = YES;
				CLANG_WARN_EMPTY_BODY = YES;
				CLANG_WARN_ENUM_CONVERSION = YES;
				CLANG_WARN_INFINITE_RECURSION = YES;
				CLANG_WARN_INT_CONVERSION = YES;
				CLANG_WARN_NON_LITERAL_NULL_CONVERSION = YES;
				CLANG_WARN_OBJC_IMPLICIT_RETAIN_SELF = YES;
				CLANG_WARN_OBJC_LITERAL_CONVERSION = YES;
				CLANG_WARN_OBJC_ROOT_CLASS = YES_ERROR;
				CLANG_WARN_RANGE_LOOP_ANALYSIS = YES;
				CLANG_WARN_STRICT_PROTOTYPES = YES;
				CLANG_WARN_SUSPICIOUS_MOVE = YES;
				CLANG_WARN_UNGUARDED_AVAILABILITY = YES_AGGRESSIVE;
				CLANG_WARN_UNREACHABLE_CODE = YES;
				CLANG_WARN__DUPLICATE_METHOD_MATCH = YES;
				COPY_PHASE_STRIP = NO;
				DEBUG_INFORMATION_FORMAT = dwarf;
				ENABLE_STRICT_OBJC_MSGSEND = YES;
				ENABLE_TESTABILITY = YES;
				GCC_C_LANGUAGE_STANDARD = gnu11;
				GCC_DYNAMIC_NO_PIC = NO;
				GCC_NO_COMMON_BLOCKS = YES;
				GCC_OPTIMIZATION_LEVEL = 0;
				GCC_PREPROCESSOR_DEFINITIONS = (
					"DEBUG=1",
					"$(inherited)",
				);
				GCC_WARN_64_TO_32_BIT_CONVERSION = YES;
				GCC_WARN_ABOUT_RETURN_TYPE = YES_ERROR;
				GCC_WARN_UNDECLARED_SELECTOR = YES;
				GCC_WARN_UNINITIALIZED_AUTOS = YES_AGGRESSIVE;
				GCC_WARN_UNUSED_FUNCTION = YES;
				GCC_WARN_UNUSED_VARIABLE = YES;
				IPHONEOS_DEPLOYMENT_TARGET = 13.2;
				MTL_ENABLE_DEBUG_INFO = INCLUDE_SOURCE;
				MTL_FAST_MATH = YES;
				ONLY_ACTIVE_ARCH = YES;
				OTHER_SWIFT_FLAGS = "";
				SDKROOT = iphoneos;
				SWIFT_ACTIVE_COMPILATION_CONDITIONS = "DEBUG LOCAL";
				SWIFT_OPTIMIZATION_LEVEL = "-Onone";
			};
			name = Local;
		};
		E1768D4A23FDEB5F00A9F098 /* Local */ = {
			isa = XCBuildConfiguration;
			buildSettings = {
				ASSETCATALOG_COMPILER_APPICON_NAME = AppIcon;
				CODE_SIGN_ENTITLEMENTS = Throne/Throne.entitlements;
				CODE_SIGN_IDENTITY = "Apple Development";
				CODE_SIGN_STYLE = Automatic;
				DEVELOPMENT_ASSET_PATHS = "\"Throne/Preview Content\"";
				DEVELOPMENT_TEAM = DNH2Q695HA;
				ENABLE_PREVIEWS = YES;
				INFOPLIST_FILE = Throne/Info.plist;
				LD_RUNPATH_SEARCH_PATHS = (
					"$(inherited)",
					"@executable_path/Frameworks",
				);
				PRODUCT_BUNDLE_IDENTIFIER = com.findmythrone.Throne;
				PRODUCT_NAME = "$(TARGET_NAME)";
				PROVISIONING_PROFILE_SPECIFIER = "";
				SWIFT_VERSION = 5.0;
				TARGETED_DEVICE_FAMILY = "1,2";
			};
			name = Local;
		};
		E1768D4B23FDEB5F00A9F098 /* Local */ = {
			isa = XCBuildConfiguration;
			buildSettings = {
				ALWAYS_EMBED_SWIFT_STANDARD_LIBRARIES = YES;
				BUNDLE_LOADER = "$(TEST_HOST)";
				CODE_SIGN_STYLE = Automatic;
				DEVELOPMENT_TEAM = DNH2Q695HA;
				INFOPLIST_FILE = ThroneTests/Info.plist;
				IPHONEOS_DEPLOYMENT_TARGET = 13.2;
				LD_RUNPATH_SEARCH_PATHS = (
					"$(inherited)",
					"@executable_path/Frameworks",
					"@loader_path/Frameworks",
				);
				PRODUCT_BUNDLE_IDENTIFIER = com.findmythrone.ThroneTests;
				PRODUCT_NAME = "$(TARGET_NAME)";
				SWIFT_VERSION = 5.0;
				TARGETED_DEVICE_FAMILY = "1,2";
				TEST_HOST = "$(BUILT_PRODUCTS_DIR)/Throne.app/Throne";
			};
			name = Local;
		};
		E1768D4C23FDEB5F00A9F098 /* Local */ = {
			isa = XCBuildConfiguration;
			buildSettings = {
				ALWAYS_EMBED_SWIFT_STANDARD_LIBRARIES = YES;
				CODE_SIGN_STYLE = Automatic;
				DEVELOPMENT_TEAM = DNH2Q695HA;
				INFOPLIST_FILE = ThroneUITests/Info.plist;
				LD_RUNPATH_SEARCH_PATHS = (
					"$(inherited)",
					"@executable_path/Frameworks",
					"@loader_path/Frameworks",
				);
				PRODUCT_BUNDLE_IDENTIFIER = com.findmythrone.ThroneUITests;
				PRODUCT_NAME = "$(TARGET_NAME)";
				SWIFT_VERSION = 5.0;
				TARGETED_DEVICE_FAMILY = "1,2";
				TEST_TARGET_NAME = Throne;
			};
			name = Local;
		};
		E176AEE723E38B2C00EF8D15 /* Debug */ = {
			isa = XCBuildConfiguration;
			buildSettings = {
				ALWAYS_SEARCH_USER_PATHS = NO;
				CLANG_ANALYZER_NONNULL = YES;
				CLANG_ANALYZER_NUMBER_OBJECT_CONVERSION = YES_AGGRESSIVE;
				CLANG_CXX_LANGUAGE_STANDARD = "gnu++14";
				CLANG_CXX_LIBRARY = "libc++";
				CLANG_ENABLE_MODULES = YES;
				CLANG_ENABLE_OBJC_ARC = YES;
				CLANG_ENABLE_OBJC_WEAK = YES;
				CLANG_WARN_BLOCK_CAPTURE_AUTORELEASING = YES;
				CLANG_WARN_BOOL_CONVERSION = YES;
				CLANG_WARN_COMMA = YES;
				CLANG_WARN_CONSTANT_CONVERSION = YES;
				CLANG_WARN_DEPRECATED_OBJC_IMPLEMENTATIONS = YES;
				CLANG_WARN_DIRECT_OBJC_ISA_USAGE = YES_ERROR;
				CLANG_WARN_DOCUMENTATION_COMMENTS = YES;
				CLANG_WARN_EMPTY_BODY = YES;
				CLANG_WARN_ENUM_CONVERSION = YES;
				CLANG_WARN_INFINITE_RECURSION = YES;
				CLANG_WARN_INT_CONVERSION = YES;
				CLANG_WARN_NON_LITERAL_NULL_CONVERSION = YES;
				CLANG_WARN_OBJC_IMPLICIT_RETAIN_SELF = YES;
				CLANG_WARN_OBJC_LITERAL_CONVERSION = YES;
				CLANG_WARN_OBJC_ROOT_CLASS = YES_ERROR;
				CLANG_WARN_RANGE_LOOP_ANALYSIS = YES;
				CLANG_WARN_STRICT_PROTOTYPES = YES;
				CLANG_WARN_SUSPICIOUS_MOVE = YES;
				CLANG_WARN_UNGUARDED_AVAILABILITY = YES_AGGRESSIVE;
				CLANG_WARN_UNREACHABLE_CODE = YES;
				CLANG_WARN__DUPLICATE_METHOD_MATCH = YES;
				COPY_PHASE_STRIP = NO;
				DEBUG_INFORMATION_FORMAT = dwarf;
				ENABLE_STRICT_OBJC_MSGSEND = YES;
				ENABLE_TESTABILITY = YES;
				GCC_C_LANGUAGE_STANDARD = gnu11;
				GCC_DYNAMIC_NO_PIC = NO;
				GCC_NO_COMMON_BLOCKS = YES;
				GCC_OPTIMIZATION_LEVEL = 0;
				GCC_PREPROCESSOR_DEFINITIONS = (
					"DEBUG=1",
					"$(inherited)",
				);
				GCC_WARN_64_TO_32_BIT_CONVERSION = YES;
				GCC_WARN_ABOUT_RETURN_TYPE = YES_ERROR;
				GCC_WARN_UNDECLARED_SELECTOR = YES;
				GCC_WARN_UNINITIALIZED_AUTOS = YES_AGGRESSIVE;
				GCC_WARN_UNUSED_FUNCTION = YES;
				GCC_WARN_UNUSED_VARIABLE = YES;
				IPHONEOS_DEPLOYMENT_TARGET = 13.2;
				MTL_ENABLE_DEBUG_INFO = INCLUDE_SOURCE;
				MTL_FAST_MATH = YES;
				ONLY_ACTIVE_ARCH = YES;
				SDKROOT = iphoneos;
				SWIFT_ACTIVE_COMPILATION_CONDITIONS = DEBUG;
				SWIFT_OPTIMIZATION_LEVEL = "-Onone";
			};
			name = Debug;
		};
		E176AEE823E38B2C00EF8D15 /* Release */ = {
			isa = XCBuildConfiguration;
			buildSettings = {
				ALWAYS_SEARCH_USER_PATHS = NO;
				CLANG_ANALYZER_NONNULL = YES;
				CLANG_ANALYZER_NUMBER_OBJECT_CONVERSION = YES_AGGRESSIVE;
				CLANG_CXX_LANGUAGE_STANDARD = "gnu++14";
				CLANG_CXX_LIBRARY = "libc++";
				CLANG_ENABLE_MODULES = YES;
				CLANG_ENABLE_OBJC_ARC = YES;
				CLANG_ENABLE_OBJC_WEAK = YES;
				CLANG_WARN_BLOCK_CAPTURE_AUTORELEASING = YES;
				CLANG_WARN_BOOL_CONVERSION = YES;
				CLANG_WARN_COMMA = YES;
				CLANG_WARN_CONSTANT_CONVERSION = YES;
				CLANG_WARN_DEPRECATED_OBJC_IMPLEMENTATIONS = YES;
				CLANG_WARN_DIRECT_OBJC_ISA_USAGE = YES_ERROR;
				CLANG_WARN_DOCUMENTATION_COMMENTS = YES;
				CLANG_WARN_EMPTY_BODY = YES;
				CLANG_WARN_ENUM_CONVERSION = YES;
				CLANG_WARN_INFINITE_RECURSION = YES;
				CLANG_WARN_INT_CONVERSION = YES;
				CLANG_WARN_NON_LITERAL_NULL_CONVERSION = YES;
				CLANG_WARN_OBJC_IMPLICIT_RETAIN_SELF = YES;
				CLANG_WARN_OBJC_LITERAL_CONVERSION = YES;
				CLANG_WARN_OBJC_ROOT_CLASS = YES_ERROR;
				CLANG_WARN_RANGE_LOOP_ANALYSIS = YES;
				CLANG_WARN_STRICT_PROTOTYPES = YES;
				CLANG_WARN_SUSPICIOUS_MOVE = YES;
				CLANG_WARN_UNGUARDED_AVAILABILITY = YES_AGGRESSIVE;
				CLANG_WARN_UNREACHABLE_CODE = YES;
				CLANG_WARN__DUPLICATE_METHOD_MATCH = YES;
				COPY_PHASE_STRIP = NO;
				DEBUG_INFORMATION_FORMAT = "dwarf-with-dsym";
				ENABLE_NS_ASSERTIONS = NO;
				ENABLE_STRICT_OBJC_MSGSEND = YES;
				GCC_C_LANGUAGE_STANDARD = gnu11;
				GCC_NO_COMMON_BLOCKS = YES;
				GCC_WARN_64_TO_32_BIT_CONVERSION = YES;
				GCC_WARN_ABOUT_RETURN_TYPE = YES_ERROR;
				GCC_WARN_UNDECLARED_SELECTOR = YES;
				GCC_WARN_UNINITIALIZED_AUTOS = YES_AGGRESSIVE;
				GCC_WARN_UNUSED_FUNCTION = YES;
				GCC_WARN_UNUSED_VARIABLE = YES;
				IPHONEOS_DEPLOYMENT_TARGET = 13.2;
				MTL_ENABLE_DEBUG_INFO = NO;
				MTL_FAST_MATH = YES;
				SDKROOT = iphoneos;
				SWIFT_COMPILATION_MODE = wholemodule;
				SWIFT_OPTIMIZATION_LEVEL = "-O";
				VALIDATE_PRODUCT = YES;
			};
			name = Release;
		};
		E176AEEA23E38B2C00EF8D15 /* Debug */ = {
			isa = XCBuildConfiguration;
			buildSettings = {
				ASSETCATALOG_COMPILER_APPICON_NAME = AppIcon;
				CODE_SIGN_ENTITLEMENTS = Throne/Throne.entitlements;
				CODE_SIGN_IDENTITY = "Apple Development";
				CODE_SIGN_STYLE = Automatic;
				DEVELOPMENT_ASSET_PATHS = "\"Throne/Preview Content\"";
				DEVELOPMENT_TEAM = DNH2Q695HA;
				ENABLE_PREVIEWS = YES;
				INFOPLIST_FILE = Throne/Info.plist;
				LD_RUNPATH_SEARCH_PATHS = (
					"$(inherited)",
					"@executable_path/Frameworks",
				);
				PRODUCT_BUNDLE_IDENTIFIER = com.findmythrone.Throne;
				PRODUCT_NAME = "$(TARGET_NAME)";
				PROVISIONING_PROFILE_SPECIFIER = "";
				SWIFT_VERSION = 5.0;
				TARGETED_DEVICE_FAMILY = "1,2";
			};
			name = Debug;
		};
		E176AEEB23E38B2C00EF8D15 /* Release */ = {
			isa = XCBuildConfiguration;
			buildSettings = {
				ASSETCATALOG_COMPILER_APPICON_NAME = AppIcon;
				CODE_SIGN_ENTITLEMENTS = Throne/Throne.entitlements;
				CODE_SIGN_IDENTITY = "Apple Development";
				CODE_SIGN_STYLE = Automatic;
				DEVELOPMENT_ASSET_PATHS = "\"Throne/Preview Content\"";
				DEVELOPMENT_TEAM = DNH2Q695HA;
				ENABLE_PREVIEWS = YES;
				INFOPLIST_FILE = Throne/Info.plist;
				LD_RUNPATH_SEARCH_PATHS = (
					"$(inherited)",
					"@executable_path/Frameworks",
				);
				PRODUCT_BUNDLE_IDENTIFIER = com.findmythrone.Throne;
				PRODUCT_NAME = "$(TARGET_NAME)";
				PROVISIONING_PROFILE_SPECIFIER = "";
				SWIFT_VERSION = 5.0;
				TARGETED_DEVICE_FAMILY = "1,2";
			};
			name = Release;
		};
		E176AEED23E38B2C00EF8D15 /* Debug */ = {
			isa = XCBuildConfiguration;
			buildSettings = {
				ALWAYS_EMBED_SWIFT_STANDARD_LIBRARIES = YES;
				BUNDLE_LOADER = "$(TEST_HOST)";
				CODE_SIGN_STYLE = Automatic;
				DEVELOPMENT_TEAM = DNH2Q695HA;
				INFOPLIST_FILE = ThroneTests/Info.plist;
				IPHONEOS_DEPLOYMENT_TARGET = 13.2;
				LD_RUNPATH_SEARCH_PATHS = (
					"$(inherited)",
					"@executable_path/Frameworks",
					"@loader_path/Frameworks",
				);
				PRODUCT_BUNDLE_IDENTIFIER = com.findmythrone.ThroneTests;
				PRODUCT_NAME = "$(TARGET_NAME)";
				SWIFT_VERSION = 5.0;
				TARGETED_DEVICE_FAMILY = "1,2";
				TEST_HOST = "$(BUILT_PRODUCTS_DIR)/Throne.app/Throne";
			};
			name = Debug;
		};
		E176AEEE23E38B2C00EF8D15 /* Release */ = {
			isa = XCBuildConfiguration;
			buildSettings = {
				ALWAYS_EMBED_SWIFT_STANDARD_LIBRARIES = YES;
				BUNDLE_LOADER = "$(TEST_HOST)";
				CODE_SIGN_STYLE = Automatic;
				DEVELOPMENT_TEAM = DNH2Q695HA;
				INFOPLIST_FILE = ThroneTests/Info.plist;
				IPHONEOS_DEPLOYMENT_TARGET = 13.2;
				LD_RUNPATH_SEARCH_PATHS = (
					"$(inherited)",
					"@executable_path/Frameworks",
					"@loader_path/Frameworks",
				);
				PRODUCT_BUNDLE_IDENTIFIER = com.findmythrone.ThroneTests;
				PRODUCT_NAME = "$(TARGET_NAME)";
				SWIFT_VERSION = 5.0;
				TARGETED_DEVICE_FAMILY = "1,2";
				TEST_HOST = "$(BUILT_PRODUCTS_DIR)/Throne.app/Throne";
			};
			name = Release;
		};
		E176AEF023E38B2C00EF8D15 /* Debug */ = {
			isa = XCBuildConfiguration;
			buildSettings = {
				ALWAYS_EMBED_SWIFT_STANDARD_LIBRARIES = YES;
				CODE_SIGN_STYLE = Automatic;
				DEVELOPMENT_TEAM = DNH2Q695HA;
				INFOPLIST_FILE = ThroneUITests/Info.plist;
				LD_RUNPATH_SEARCH_PATHS = (
					"$(inherited)",
					"@executable_path/Frameworks",
					"@loader_path/Frameworks",
				);
				PRODUCT_BUNDLE_IDENTIFIER = com.findmythrone.ThroneUITests;
				PRODUCT_NAME = "$(TARGET_NAME)";
				SWIFT_VERSION = 5.0;
				TARGETED_DEVICE_FAMILY = "1,2";
				TEST_TARGET_NAME = Throne;
			};
			name = Debug;
		};
		E176AEF123E38B2C00EF8D15 /* Release */ = {
			isa = XCBuildConfiguration;
			buildSettings = {
				ALWAYS_EMBED_SWIFT_STANDARD_LIBRARIES = YES;
				CODE_SIGN_STYLE = Automatic;
				DEVELOPMENT_TEAM = DNH2Q695HA;
				INFOPLIST_FILE = ThroneUITests/Info.plist;
				LD_RUNPATH_SEARCH_PATHS = (
					"$(inherited)",
					"@executable_path/Frameworks",
					"@loader_path/Frameworks",
				);
				PRODUCT_BUNDLE_IDENTIFIER = com.findmythrone.ThroneUITests;
				PRODUCT_NAME = "$(TARGET_NAME)";
				SWIFT_VERSION = 5.0;
				TARGETED_DEVICE_FAMILY = "1,2";
				TEST_TARGET_NAME = Throne;
			};
			name = Release;
		};
/* End XCBuildConfiguration section */

/* Begin XCConfigurationList section */
		E176AEB723E38B2A00EF8D15 /* Build configuration list for PBXProject "Throne" */ = {
			isa = XCConfigurationList;
			buildConfigurations = (
				E176AEE723E38B2C00EF8D15 /* Debug */,
				E1768D4923FDEB5F00A9F098 /* Local */,
				E176AEE823E38B2C00EF8D15 /* Release */,
			);
			defaultConfigurationIsVisible = 0;
			defaultConfigurationName = Release;
		};
		E176AEE923E38B2C00EF8D15 /* Build configuration list for PBXNativeTarget "Throne" */ = {
			isa = XCConfigurationList;
			buildConfigurations = (
				E176AEEA23E38B2C00EF8D15 /* Debug */,
				E1768D4A23FDEB5F00A9F098 /* Local */,
				E176AEEB23E38B2C00EF8D15 /* Release */,
			);
			defaultConfigurationIsVisible = 0;
			defaultConfigurationName = Release;
		};
		E176AEEC23E38B2C00EF8D15 /* Build configuration list for PBXNativeTarget "ThroneTests" */ = {
			isa = XCConfigurationList;
			buildConfigurations = (
				E176AEED23E38B2C00EF8D15 /* Debug */,
				E1768D4B23FDEB5F00A9F098 /* Local */,
				E176AEEE23E38B2C00EF8D15 /* Release */,
			);
			defaultConfigurationIsVisible = 0;
			defaultConfigurationName = Release;
		};
		E176AEEF23E38B2C00EF8D15 /* Build configuration list for PBXNativeTarget "ThroneUITests" */ = {
			isa = XCConfigurationList;
			buildConfigurations = (
				E176AEF023E38B2C00EF8D15 /* Debug */,
				E1768D4C23FDEB5F00A9F098 /* Local */,
				E176AEF123E38B2C00EF8D15 /* Release */,
			);
			defaultConfigurationIsVisible = 0;
			defaultConfigurationName = Release;
		};
/* End XCConfigurationList section */
	};
	rootObject = E176AEB423E38B2A00EF8D15 /* Project object */;
}
